{
  "lockfileVersion": 2,
  "configVersion": 0,
  "workspaces": {
    "": {
      "name": "hercules-gym-app",
      "dependencies": {
        "@types/canvas-confetti": "^1.9.0",
        "@types/three": "^0.185.4",
        "canvas-confetti": "^1.9.4",
        "clsx": "^2.1.1",
        "date-fns": "^4.1.0",
        "lucide-react": "^1.16.0",
        "motion": "^13.2.0",
        "react": "^18.3.1",
        "react-dom": "^18.3.1",
        "recharts": "^2.15.1",
        "tailwind-merge": "^3.0.2",
        "three": "^0.186.0",
      },
      "devDependencies": {
        "@tailwindcss/vite": "^4.0.0",
        "@types/node": "^22.13.4",
        "@types/react": "^18.3.18",
        "@types/react-dom": "^18.3.5",
        "@vitejs/plugin-react": "^4.3.4",
        "tailwindcss": "^4.0.0",
        "typescript": "~5.7.2",
        "vite": "^6.1.0",
        "vitest": "^5.0.0",
      },
    },
  },
  "packages": {
    "@babel/code-frame": ["@babel/code-frame@7.29.7", "", { "dependencies": { "@babel/helper-validator-identifier": "^7.29.7", "js-tokens": "^4.0.0", "picocolors": "^1.1.1" } }, ""],

    "@babel/compat-data": ["@babel/compat-data@7.29.7", "", {}, ""],

    "@babel/core": ["@babel/core@7.29.7", "", { "dependencies": { "@babel/code-frame": "^7.29.7", "@babel/generator": "^7.29.7", "@babel/helper-compilation-targets": "^7.29.7", "@babel/helper-module-transforms": "^7.29.7", "@babel/helpers": "^7.29.7", "@babel/parser": "^7.29.7", "@babel/template": "^7.29.7", "@babel/traverse": "^7.29.7", "@babel/types": "^7.29.7", "@jridgewell/remapping": "^2.3.5", "convert-source-map": "^2.0.0", "debug": "^4.1.0", "gensync": "^1.0.0-beta.2", "json5": "^2.2.3", "semver": "^6.3.1" } }, ""],

    "@babel/generator": ["@babel/generator@7.29.8", "", { "dependencies": { "@babel/parser": "^7.29.8", "@babel/types": "^7.29.8", "@jridgewell/gen-mapping": "^0.3.12", "@jridgewell/trace-mapping": "^0.3.28", "jsesc": "^3.0.2" } }, ""],

    "@babel/helper-compilation-targets": ["@babel/helper-compilation-targets@7.29.7", "", { "dependencies": { "@babel/compat-data": "^7.29.7", "@babel/helper-validator-option": "^7.29.7", "browserslist": "^4.24.0", "lru-cache": "^5.1.1", "semver": "^6.3.1" } }, ""],

    "@babel/helper-globals": ["@babel/helper-globals@7.29.7", "", {}, ""],

    "@babel/helper-module-imports": ["@babel/helper-module-imports@7.29.7", "", { "dependencies": { "@babel/traverse": "^7.29.7", "@babel/types": "^7.29.7" } }, ""],

    "@babel/helper-module-transforms": ["@babel/helper-module-transforms@7.29.7", "", { "dependencies": { "@babel/helper-module-imports": "^7.29.7", "@babel/helper-validator-identifier": "^7.29.7", "@babel/traverse": "^7.29.7" }, "peerDependencies": { "@babel/core": "^7.0.0" } }, ""],

    "@babel/helper-plugin-utils": ["@babel/helper-plugin-utils@7.29.7", "", {}, ""],

    "@babel/helper-string-parser": ["@babel/helper-string-parser@7.29.7", "", {}, ""],

    "@babel/helper-validator-identifier": ["@babel/helper-validator-identifier@7.29.7", "", {}, ""],

    "@babel/helper-validator-option": ["@babel/helper-validator-option@7.29.7", "", {}, ""],

    "@babel/helpers": ["@babel/helpers@7.29.7", "", { "dependencies": { "@babel/template": "^7.29.7", "@babel/types": "^7.29.7" } }, ""],

    "@babel/parser": ["@babel/parser@7.29.8", "", { "dependencies": { "@babel/types": "^7.29.8" }, "bin": { "parser": "bin/babel-parser.js" } }, ""],

    "@babel/plugin-transform-react-jsx-self": ["@babel/plugin-transform-react-jsx-self@7.29.7", "", { "dependencies": { "@babel/helper-plugin-utils": "^7.29.7" }, "peerDependencies": { "@babel/core": "^7.0.0-0" } }, ""],

    "@babel/plugin-transform-react-jsx-source": ["@babel/plugin-transform-react-jsx-source@7.29.7", "", { "dependencies": { "@babel/helper-plugin-utils": "^7.29.7" }, "peerDependencies": { "@babel/core": "^7.0.0-0" } }, ""],

    "@babel/runtime": ["@babel/runtime@7.29.7", "", {}, ""],

    "@babel/template": ["@babel/template@7.29.7", "", { "dependencies": { "@babel/code-frame": "^7.29.7", "@babel/parser": "^7.29.7", "@babel/types": "^7.29.7" } }, ""],

    "@babel/traverse": ["@babel/traverse@7.29.8", "", { "dependencies": { "@babel/code-frame": "^7.29.7", "@babel/generator": "^7.29.8", "@babel/helper-globals": "^7.29.7", "@babel/parser": "^7.29.8", "@babel/template": "^7.29.7", "@babel/types": "^7.29.8", "debug": "^4.3.1" } }, ""],

    "@babel/types": ["@babel/types@7.29.8", "", { "dependencies": { "@babel/helper-string-parser": "^7.29.7", "@babel/helper-validator-identifier": "^7.29.7" } }, ""],

    "@dimforge/rapier3d-compat": ["@dimforge/rapier3d-compat@0.12.0", "", {}, "sha512-uekIGetywIgopfD97oDL5PfeezkFpNhwlzlaEYNOA0N6ghdsOvh/HYjSMek5Q2O1PYvRSDFcqFVJl4r4ZBwOow=="],

    "@esbuild/linux-x64": ["@esbuild/linux-x64@0.25.12", "", { "os": "linux", "cpu": "x64" }, ""],

    "@jridgewell/gen-mapping": ["@jridgewell/gen-mapping@0.3.13", "", { "dependencies": { "@jridgewell/sourcemap-codec": "^1.5.0", "@jridgewell/trace-mapping": "^0.3.24" } }, ""],

    "@jridgewell/remapping": ["@jridgewell/remapping@2.3.5", "", { "dependencies": { "@jridgewell/gen-mapping": "^0.3.5", "@jridgewell/trace-mapping": "^0.3.24" } }, ""],

    "@jridgewell/resolve-uri": ["@jridgewell/resolve-uri@3.1.2", "", {}, ""],

    "@jridgewell/sourcemap-codec": ["@jridgewell/sourcemap-codec@1.6.0", "", {}, ""],

    "@jridgewell/trace-mapping": ["@jridgewell/trace-mapping@0.3.31", "", { "dependencies": { "@jridgewell/resolve-uri": "^3.1.0", "@jridgewell/sourcemap-codec": "^1.4.14" } }, ""],

    "@napi-rs/lzma-linux-x64-gnu": ["@napi-rs/lzma-linux-x64-gnu@1.5.1", "", { "os": "linux", "cpu": "x64" }, ""],

    "@rolldown/pluginutils": ["@rolldown/pluginutils@1.0.0-beta.27", "", {}, ""],

    "@rollup/rollup-linux-x64-gnu": ["@rollup/rollup-linux-x64-gnu@4.63.1", "", { "os": "linux", "cpu": "x64" }, ""],

    "@rollup/rollup-linux-x64-musl": ["@rollup/rollup-linux-x64-musl@4.63.1", "", { "os": "linux", "cpu": "x64" }, ""],

    "@tailwindcss/node": ["@tailwindcss/node@4.3.3", "", { "dependencies": { "@jridgewell/remapping": "^2.3.5", "enhanced-resolve": "^5.24.1", "jiti": "^2.7.0", "lightningcss": "1.32.0", "magic-string": "^0.30.21", "source-map-js": "^1.2.1", "tailwindcss": "4.3.3" } }, ""],

    "@tailwindcss/oxide": ["@tailwindcss/oxide@4.3.3", "", { "optionalDependencies": { "@tailwindcss/oxide-android-arm64": "4.3.3", "@tailwindcss/oxide-darwin-arm64": "4.3.3", "@tailwindcss/oxide-darwin-x64": "4.3.3", "@tailwindcss/oxide-freebsd-x64": "4.3.3", "@tailwindcss/oxide-linux-arm-gnueabihf": "4.3.3", "@tailwindcss/oxide-linux-arm64-gnu": "4.3.3", "@tailwindcss/oxide-linux-arm64-musl": "4.3.3", "@tailwindcss/oxide-linux-x64-gnu": "4.3.3", "@tailwindcss/oxide-linux-x64-musl": "4.3.3", "@tailwindcss/oxide-wasm32-wasi": "4.3.3", "@tailwindcss/oxide-win32-arm64-msvc": "4.3.3", "@tailwindcss/oxide-win32-x64-msvc": "4.3.3" } }, ""],

    "@tailwindcss/oxide-linux-x64-gnu": ["@tailwindcss/oxide-linux-x64-gnu@4.3.3", "", { "os": "linux", "cpu": "x64" }, ""],

    "@tailwindcss/oxide-linux-x64-musl": ["@tailwindcss/oxide-linux-x64-musl@4.3.3", "", { "os": "linux", "cpu": "x64" }, ""],

    "@tailwindcss/vite": ["@tailwindcss/vite@4.3.3", "", { "dependencies": { "@tailwindcss/node": "4.3.3", "@tailwindcss/oxide": "4.3.3", "tailwindcss": "4.3.3" }, "peerDependencies": { "vite": "^5.2.0 || ^6 || ^7 || ^8" } }, ""],

    "@tweenjs/tween.js": ["@tweenjs/tween.js@23.1.3", "", {}, "sha512-vJmvvwFxYuGnF2axRtPYocag6Clbb5YS7kLL+SO/TeVFzHqDIWrNKYtcsPMibjDx9O+bu+psAy9NKfWklassUA=="],

    "@types/babel__core": ["@types/babel__core@7.20.5", "", { "dependencies": { "@babel/parser": "^7.20.7", "@babel/types": "^7.20.7", "@types/babel__generator": "*", "@types/babel__template": "*", "@types/babel__traverse": "*" } }, ""],

    "@types/babel__generator": ["@types/babel__generator@7.27.0", "", { "dependencies": { "@babel/types": "^7.0.0" } }, ""],

    "@types/babel__template": ["@types/babel__template@7.4.4", "", { "dependencies": { "@babel/parser": "^7.1.0", "@babel/types": "^7.0.0" } }, ""],

    "@types/babel__traverse": ["@types/babel__traverse@7.28.0", "", { "dependencies": { "@babel/types": "^7.28.2" } }, ""],

    "@types/canvas-confetti": ["@types/canvas-confetti@1.9.0", "", {}, "sha512-aBGj/dULrimR1XDZLtG9JwxX1b4HPRF6CX9Yfwh3NvstZEm1ZL7RBnel4keCPSqs1ANRu1u2Aoz9R+VmtjYuTg=="],

    "@types/chai": ["@types/chai@5.2.3", "", { "dependencies": { "@types/deep-eql": "*", "assertion-error": "^2.0.1" } }, "sha512-Mw558oeA9fFbv65/y4mHtXDs9bPnFMZAL/jxdPFUpOHHIXX91mcgEHbS5Lahr+pwZFR8A7GQleRWeI6cGFC2UA=="],

    "@types/d3-array": ["@types/d3-array@3.2.2", "", {}, ""],

    "@types/d3-color": ["@types/d3-color@3.1.3", "", {}, ""],

    "@types/d3-ease": ["@types/d3-ease@3.0.2", "", {}, ""],

    "@types/d3-interpolate": ["@types/d3-interpolate@3.0.4", "", { "dependencies": { "@types/d3-color": "*" } }, ""],

    "@types/d3-path": ["@types/d3-path@3.1.1", "", {}, ""],

    "@types/d3-scale": ["@types/d3-scale@4.0.9", "", { "dependencies": { "@types/d3-time": "*" } }, ""],

    "@types/d3-shape": ["@types/d3-shape@3.2.0", "", { "dependencies": { "@types/d3-path": "*" } }, ""],

    "@types/d3-time": ["@types/d3-time@3.0.4", "", {}, ""],

    "@types/d3-timer": ["@types/d3-timer@3.0.2", "", {}, ""],

    "@types/deep-eql": ["@types/deep-eql@4.0.2", "", {}, "sha512-c9h9dVVMigMPc4bwTvC5dxqtqJZwQPePsWjPlpSOnojbor6pGqdk541lfA7AqFQr5pB1BRdq0juY9db81BwyFw=="],

    "@types/estree": ["@types/estree@1.0.9", "", {}, ""],

    "@types/node": ["@types/node@22.20.1", "", { "dependencies": { "undici-types": "~6.21.0" } }, ""],

    "@types/prop-types": ["@types/prop-types@15.7.15", "", {}, ""],

    "@types/react": ["@types/react@18.3.31", "", { "dependencies": { "@types/prop-types": "*", "csstype": "^3.2.2" } }, ""],

    "@types/react-dom": ["@types/react-dom@18.3.7", "", { "peerDependencies": { "@types/react": "^18.0.0" } }, ""],

    "@types/stats.js": ["@types/stats.js@0.17.4", "", {}, "sha512-jIBvWWShCvlBqBNIZt0KAshWpvSjhkwkEu4ZUcASoAvhmrgAUI2t1dXrjSL4xXVLB4FznPrIsX3nKXFl/Dt4vA=="],

    "@types/three": ["@types/three@0.185.4", "", { "dependencies": { "@dimforge/rapier3d-compat": "~0.12.0", "@tweenjs/tween.js": "~23.1.3", "@types/stats.js": "*", "@types/webxr": ">=0.5.17", "fflate": "~0.8.2", "meshoptimizer": "~1.1.1" } }, "sha512-gAsBIC07NIFrxjbf7tH2t71c38uulFfk/RFoC7FNBSjMRAQ8J1x/RBvusX0N5PJouaYFJawXQqfCQ0RKUx/1nA=="],

    "@types/webxr": ["@types/webxr@0.5.24", "", {}, "sha512-h8fgEd/DpoS9CBrjEQXR+dIDraopAEfu4wYVNY2tEPwk60stPWhvZMf4Foo5FakuQ7HFZoa8WceaWFervK2Ovg=="],

    "@vitejs/plugin-react": ["@vitejs/plugin-react@4.7.0", "", { "dependencies": { "@babel/core": "^7.28.0", "@babel/plugin-transform-react-jsx-self": "^7.27.1", "@babel/plugin-transform-react-jsx-source": "^7.27.1", "@rolldown/pluginutils": "1.0.0-beta.27", "@types/babel__core": "^7.20.5", "react-refresh": "^0.17.0" }, "peerDependencies": { "vite": "^4.2.0 || ^5.0.0 || ^6.0.0 || ^7.0.0" } }, ""],

    "@vitest/mocker": ["@vitest/mocker@5.0.0", "", { "dependencies": { "@jridgewell/trace-mapping": "0.3.31", "@vitest/spy": "5.0.0", "estree-walker": "^3.0.3", "magic-string": "^1.2.3" }, "peerDependencies": { "msw": "^2.4.9", "vite": "^6.0.0 || ^7.0.0 || ^8.0.0" }, "optionalPeers": ["msw", "vite"] }, "sha512-66PGTMIiVJP3t4a5yxU9qPtf7MdTBs8jmToMvy+HVflB3Yy13WJZTtPePdvU+wjRV02SKK5doLbSA6o9pwOmiA=="],

    "@vitest/spy": ["@vitest/spy@5.0.0", "", {}, "sha512-uy+luWBAPw9XfthoHi5AkfHUnuPYEESjl0p/r+meoBnU8bxg5GDQ3Ey8MjcJ6sqahkL4PFyrvfMJJBw7LbU06g=="],

    "assertion-error": ["assertion-error@2.0.1", "", {}, "sha512-Izi8RQcffqCeNVgFigKli1ssklIbpHnCYc6AknXGYoB6grJqyeby7jv12JUQgmTAnIDnbck1uxksT4dzN3PWBA=="],

    "baseline-browser-mapping": ["baseline-browser-mapping@2.11.20", "", { "bin": "dist/cli.cjs" }, ""],

    "browserslist": ["browserslist@4.28.8", "", { "dependencies": { "baseline-browser-mapping": "^2.11.12", "caniuse-lite": "^1.0.30001809", "electron-to-chromium": "^1.5.402", "node-releases": "^2.0.53", "update-browserslist-db": "^1.3.0" }, "bin": "cli.js" }, ""],

    "caniuse-lite": ["caniuse-lite@1.0.30001810", "", {}, ""],

    "canvas-confetti": ["canvas-confetti@1.9.4", "", {}, "sha512-yxQbJkAVrFXWNbTUjPqjF7G+g6pDotOUHGbkZq2NELZUMDpiJ85rIEazVb8GTaAptNW2miJAXbs1BtioA251Pw=="],

    "chai": ["chai@6.2.2", "", {}, "sha512-NUPRluOfOiTKBKvWPtSD4PhFvWCqOi0BGStNWs57X9js7XGTprSmFoz5F0tWhR4WPjNeR9jXqdC7/UpSJTnlRg=="],

    "clsx": ["clsx@2.1.1", "", {}, ""],

    "convert-source-map": ["convert-source-map@2.0.0", "", {}, ""],

    "csstype": ["csstype@3.2.3", "", {}, ""],

    "d3-array": ["d3-array@3.2.4", "", { "dependencies": { "internmap": "1 - 2" } }, ""],

    "d3-color": ["d3-color@3.1.0", "", {}, ""],

    "d3-ease": ["d3-ease@3.0.1", "", {}, ""],

    "d3-format": ["d3-format@3.1.2", "", {}, ""],

    "d3-interpolate": ["d3-interpolate@3.0.1", "", { "dependencies": { "d3-color": "1 - 3" } }, ""],

    "d3-path": ["d3-path@3.1.0", "", {}, ""],

    "d3-scale": ["d3-scale@4.0.2", "", { "dependencies": { "d3-array": "2.10.0 - 3", "d3-format": "1 - 3", "d3-interpolate": "1.2.0 - 3", "d3-time": "2.1.1 - 3", "d3-time-format": "2 - 4" } }, ""],

    "d3-shape": ["d3-shape@3.2.0", "", { "dependencies": { "d3-path": "^3.1.0" } }, ""],

    "d3-time": ["d3-time@3.1.0", "", { "dependencies": { "d3-array": "2 - 3" } }, ""],

    "d3-time-format": ["d3-time-format@4.1.0", "", { "dependencies": { "d3-time": "1 - 3" } }, ""],

    "d3-timer": ["d3-timer@3.0.1", "", {}, ""],

    "date-fns": ["date-fns@4.4.0", "", {}, ""],

    "debug": ["debug@4.4.3", "", { "dependencies": { "ms": "^2.1.3" } }, ""],

    "decimal.js-light": ["decimal.js-light@2.5.1", "", {}, ""],

    "detect-libc": ["detect-libc@2.1.2", "", {}, ""],

    "dom-helpers": ["dom-helpers@5.2.1", "", { "dependencies": { "@babel/runtime": "^7.8.7", "csstype": "^3.0.2" } }, ""],

    "electron-to-chromium": ["electron-to-chromium@1.5.417", "", {}, ""],

    "enhanced-resolve": ["enhanced-resolve@5.24.5", "", { "dependencies": { "graceful-fs": "^4.2.4", "tapable": "^2.3.3" } }, ""],

    "es-module-lexer": ["es-module-lexer@2.3.2", "", {}, "sha512-poHGpORABojJJucnV9KbOavETW8lBVnphkW77ER5/BQ5Fz7oXSoCNek7IH3vR5nRjdsEz926ibFYX8KtLQmdyw=="],

    "esbuild": ["esbuild@0.25.12", "", { "optionalDependencies": { "@esbuild/aix-ppc64": "0.25.12", "@esbuild/android-arm": "0.25.12", "@esbuild/android-arm64": "0.25.12", "@esbuild/android-x64": "0.25.12", "@esbuild/darwin-arm64": "0.25.12", "@esbuild/darwin-x64": "0.25.12", "@esbuild/freebsd-arm64": "0.25.12", "@esbuild/freebsd-x64": "0.25.12", "@esbuild/linux-arm": "0.25.12", "@esbuild/linux-arm64": "0.25.12", "@esbuild/linux-ia32": "0.25.12", "@esbuild/linux-loong64": "0.25.12", "@esbuild/linux-mips64el": "0.25.12", "@esbuild/linux-ppc64": "0.25.12", "@esbuild/linux-riscv64": "0.25.12", "@esbuild/linux-s390x": "0.25.12", "@esbuild/linux-x64": "0.25.12", "@esbuild/netbsd-arm64": "0.25.12", "@esbuild/netbsd-x64": "0.25.12", "@esbuild/openbsd-arm64": "0.25.12", "@esbuild/openbsd-x64": "0.25.12", "@esbuild/openharmony-arm64": "0.25.12", "@esbuild/sunos-x64": "0.25.12", "@esbuild/win32-arm64": "0.25.12", "@esbuild/win32-ia32": "0.25.12", "@esbuild/win32-x64": "0.25.12" }, "bin": "bin/esbuild" }, ""],

    "escalade": ["escalade@3.2.0", "", {}, ""],

    "estree-walker": ["estree-walker@3.0.3", "", { "dependencies": { "@types/estree": "^1.0.0" } }, "sha512-7RUKfXgSMMkzt6ZuXmqapOurLGPPfgj6l9uRZ7lRGolvk0y2yocc35LdcxKC5PQZdn2DMqioAQ2NoWcrTKmm6g=="],

    "eventemitter3": ["eventemitter3@4.0.7", "", {}, ""],

    "expect-type": ["expect-type@1.4.0", "", {}, "sha512-KfYbmpRm0VbLjEvVa9yGwCi9GI34xvi7A/HXYWQO65CSD2u3MczUJSuwXKFIxlGsgBQizV9q5J9NHj4VG0n+pA=="],

    "fast-equals": ["fast-equals@5.4.1", "", {}, ""],

    "fdir": ["fdir@6.5.0", "", { "peerDependencies": { "picomatch": "^3 || ^4" }, "optionalPeers": ["picomatch"] }, ""],

    "fflate": ["fflate@0.8.3", "", {}, "sha512-tbZNuJrLwGUp3zshBtdy4W+ORxZuIh8a5ilyIEQDC5rY1f3U20JMry0Ll3WBzU58EZKsEuJFXhb5gwv8CsPvgA=="],

    "framer-motion": ["framer-motion@13.2.0", "", { "dependencies": { "motion-dom": "^13.2.0", "motion-utils": "^13.0.0", "tslib": "^2.4.0" }, "peerDependencies": { "react": "^18.0.0 || ^19.0.0", "react-dom": "^18.0.0 || ^19.0.0" }, "optionalPeers": ["react", "react-dom"] }, "sha512-9E33ebgMaO33w1nN/jEdW8z3/GO483fMi4rqbMG9rt83XgW9QLKRe4NcmJ8s+fQ3O34++UHrIQwlIWGIWTITjA=="],

    "gensync": ["gensync@1.0.0-beta.2", "", {}, ""],

    "graceful-fs": ["graceful-fs@4.2.11", "", {}, ""],

    "internmap": ["internmap@2.0.3", "", {}, ""],

    "jiti": ["jiti@2.7.0", "", { "bin": "lib/jiti-cli.mjs" }, ""],

    "js-tokens": ["js-tokens@4.0.0", "", {}, ""],

    "jsesc": ["jsesc@3.1.0", "", { "bin": "bin/jsesc" }, ""],

    "json5": ["json5@2.2.3", "", { "bin": "lib/cli.js" }, ""],

    "lightningcss": ["lightningcss@1.32.0", "", { "dependencies": { "detect-libc": "^2.0.3" }, "optionalDependencies": { "lightningcss-android-arm64": "1.32.0", "lightningcss-darwin-arm64": "1.32.0", "lightningcss-darwin-x64": "1.32.0", "lightningcss-freebsd-x64": "1.32.0", "lightningcss-linux-arm-gnueabihf": "1.32.0", "lightningcss-linux-arm64-gnu": "1.32.0", "lightningcss-linux-arm64-musl": "1.32.0", "lightningcss-linux-x64-gnu": "1.32.0", "lightningcss-linux-x64-musl": "1.32.0", "lightningcss-win32-arm64-msvc": "1.32.0", "lightningcss-win32-x64-msvc": "1.32.0" } }, ""],

    "lightningcss-linux-x64-gnu": ["lightningcss-linux-x64-gnu@1.32.0", "", { "os": "linux", "cpu": "x64" }, ""],

    "lightningcss-linux-x64-musl": ["lightningcss-linux-x64-musl@1.32.0", "", { "os": "linux", "cpu": "x64" }, ""],

    "lodash": ["lodash@4.18.1", "", {}, ""],

    "loose-envify": ["loose-envify@1.4.0", "", { "dependencies": { "js-tokens": "^3.0.0 || ^4.0.0" }, "bin": "cli.js" }, ""],

    "lru-cache": ["lru-cache@5.1.1", "", { "dependencies": { "yallist": "^3.0.2" } }, ""],

    "lucide-react": ["lucide-react@1.38.0", "", { "peerDependencies": { "react": "^16.5.1 || ^17.0.0 || ^18.0.0 || ^19.0.0" } }, ""],

    "magic-string": ["magic-string@1.3.1", "", { "dependencies": { "@jridgewell/sourcemap-codec": "^1.6.0" } }, "sha512-rm91zr2Ou+XueDTohjQQjdQEcYM6zVi8KVUCG8Ec3vHwUEKrhSdCNyfuIywkA6hcCAteIn0ZOtAHA6eGpiX+Pg=="],

    "meshoptimizer": ["meshoptimizer@1.1.1", "", {}, "sha512-oRFNWJRDA/WTrVj7NWvqa5HqE1t9MYDj2VaWirQCzCCrAd2GHrqR/sQezCxiWATPNlKTcRaPRHPJwIRoPBAp5g=="],

    "motion": ["motion@13.2.0", "", { "dependencies": { "framer-motion": "^13.2.0", "tslib": "^2.4.0" }, "peerDependencies": { "react": "^18.0.0 || ^19.0.0", "react-dom": "^18.0.0 || ^19.0.0" }, "optionalPeers": ["react", "react-dom"] }, "sha512-4Hrb5vD6HhjFstLUiCmWvtpsw+WTpP4R+QXfSDYZBz7+uxE/LrRg3aV0ReJxHrTRffHhbIE6svEqnotngXvesQ=="],

    "motion-dom": ["motion-dom@13.2.0", "", { "dependencies": { "motion-utils": "^13.0.0" } }, "sha512-N6gdSoWRDk0Rh/fVtlqUtLs+fEN3ELFZI3cn3IQE9Mnf3E+Mh8wjO6MstzCOPFh4Yf0L1as5m2eUyYWj8ylVSQ=="],

    "motion-utils": ["motion-utils@13.0.0", "", {}, "sha512-7DnN7TmbLcYXcG4RVadXIihWlyuM9afoUww8Y5Agg431kGKiuL2/OMyP4mJ5wLz+pvN3t5ySClLOaVXJ+wekRQ=="],

    "ms": ["ms@2.1.3", "", {}, ""],

    "nanoid": ["nanoid@3.3.18", "", { "bin": "bin/nanoid.cjs" }, ""],

    "node-releases": ["node-releases@2.0.54", "", {}, ""],

    "object-assign": ["object-assign@4.1.1", "", {}, ""],

    "obug": ["obug@2.2.1", "", {}, "sha512-XrsrhT5sybtKI6wakr2SPOlGZWWYbUXZ7a0jT8/QOeAPau+1X/bSegNe5YR75oJmEZQbKningirmGOEJCIk61Q=="],

    "picocolors": ["picocolors@1.1.1", "", {}, ""],

    "picomatch": ["picomatch@4.0.7", "", {}, ""],

    "postcss": ["postcss@8.5.26", "", { "dependencies": { "nanoid": "^3.3.17", "picocolors": "^1.1.1", "source-map-js": "^1.2.1" } }, ""],

    "prop-types": ["prop-types@15.8.1", "", { "dependencies": { "loose-envify": "^1.4.0", "object-assign": "^4.1.1", "react-is": "^16.13.1" } }, ""],

    "react": ["react@18.3.1", "", { "dependencies": { "loose-envify": "^1.1.0" } }, ""],

    "react-dom": ["react-dom@18.3.1", "", { "dependencies": { "loose-envify": "^1.1.0", "scheduler": "^0.23.2" }, "peerDependencies": { "react": "^18.3.1" } }, ""],

    "react-is": ["react-is@18.3.1", "", {}, ""],

    "react-refresh": ["react-refresh@0.17.0", "", {}, ""],

    "react-smooth": ["react-smooth@4.0.4", "", { "dependencies": { "fast-equals": "^5.0.1", "prop-types": "^15.8.1", "react-transition-group": "^4.4.5" }, "peerDependencies": { "react": "^16.8.0 || ^17.0.0 || ^18.0.0 || ^19.0.0", "react-dom": "^16.8.0 || ^17.0.0 || ^18.0.0 || ^19.0.0" } }, ""],

    "react-transition-group": ["react-transition-group@4.4.5", "", { "dependencies": { "@babel/runtime": "^7.5.5", "dom-helpers": "^5.0.1", "loose-envify": "^1.4.0", "prop-types": "^15.6.2" }, "peerDependencies": { "react": ">=16.6.0", "react-dom": ">=16.6.0" } }, ""],

    "recharts": ["recharts@2.15.4", "", { "dependencies": { "clsx": "^2.0.0", "eventemitter3": "^4.0.1", "lodash": "^4.17.21", "react-is": "^18.3.1", "react-smooth": "^4.0.4", "recharts-scale": "^0.4.4", "tiny-invariant": "^1.3.1", "victory-vendor": "^36.6.8" }, "peerDependencies": { "react": "^16.0.0 || ^17.0.0 || ^18.0.0 || ^19.0.0", "react-dom": "^16.0.0 || ^17.0.0 || ^18.0.0 || ^19.0.0" } }, ""],

    "recharts-scale": ["recharts-scale@0.4.5", "", { "dependencies": { "decimal.js-light": "^2.4.1" } }, ""],

    "rollup": ["rollup@4.63.1", "", { "dependencies": { "@types/estree": "1.0.9" }, "optionalDependencies": { "@napi-rs/lzma-linux-x64-gnu": "1.5.1", "@rollup/rollup-android-arm-eabi": "4.63.1", "@rollup/rollup-android-arm64": "4.63.1", "@rollup/rollup-darwin-arm64": "4.63.1", "@rollup/rollup-darwin-x64": "4.63.1", "@rollup/rollup-freebsd-arm64": "4.63.1", "@rollup/rollup-freebsd-x64": "4.63.1", "@rollup/rollup-linux-arm-gnueabihf": "4.63.1", "@rollup/rollup-linux-arm-musleabihf": "4.63.1", "@rollup/rollup-linux-arm64-gnu": "4.63.1", "@rollup/rollup-linux-arm64-musl": "4.63.1", "@rollup/rollup-linux-loong64-gnu": "4.63.1", "@rollup/rollup-linux-loong64-musl": "4.63.1", "@rollup/rollup-linux-ppc64-gnu": "4.63.1", "@rollup/rollup-linux-ppc64-musl": "4.63.1", "@rollup/rollup-linux-riscv64-gnu": "4.63.1", "@rollup/rollup-linux-riscv64-musl": "4.63.1", "@rollup/rollup-linux-s390x-gnu": "4.63.1", "@rollup/rollup-linux-x64-gnu": "4.63.1", "@rollup/rollup-linux-x64-musl": "4.63.1", "@rollup/rollup-openbsd-x64": "4.63.1", "@rollup/rollup-openharmony-arm64": "4.63.1", "@rollup/rollup-win32-arm64-msvc": "4.63.1", "@rollup/rollup-win32-ia32-msvc": "4.63.1", "@rollup/rollup-win32-x64-gnu": "4.63.1", "@rollup/rollup-win32-x64-msvc": "4.63.1", "fsevents": "~2.3.2" }, "bin": "dist/bin/rollup" }, ""],

    "scheduler": ["scheduler@0.23.2", "", { "dependencies": { "loose-envify": "^1.1.0" } }, ""],

    "semver": ["semver@6.3.1", "", { "bin": "bin/semver.js" }, ""],

    "siginfo": ["siginfo@2.0.0", "", {}, "sha512-ybx0WO1/8bSBLEWXZvEd7gMW3Sn3JFlW3TvX1nREbDLRNQNaeNN8WK0meBwPdAaOI7TtRRRJn/Es1zhrrCHu7g=="],

    "source-map-js": ["source-map-js@1.2.1", "", {}, ""],

    "stackback": ["stackback@0.0.2", "", {}, "sha512-1XMJE5fQo1jGH6Y/7ebnwPOBEkIEnT4QF32d5R1+VXdXveM0IBMJt8zfaxX1P3QhVwrYe+576+jkANtSS2mBbw=="],

    "std-env": ["std-env@4.2.0", "", {}, "sha512-oCUKSupKTHX53EyjDtuZQ64pjLJ6yYCtpmEw0goYxtjG9KpbRe8KAsl2tBUGU9DyMcJ0RwJ8GqJAFzMXcXW1Rw=="],

    "tailwind-merge": ["tailwind-merge@3.6.0", "", {}, ""],

    "tailwindcss": ["tailwindcss@4.3.3", "", {}, ""],

    "tapable": ["tapable@2.3.3", "", {}, ""],

    "three": ["three@0.186.0", "", {}, "sha512-cr/fIM2ddMSVbYVgkfD4jLJv7Fh/8ZTjvo+7gQeSVGUZHxpx9FDwoL5iC7hUz/LiRA8wMbqfnb90xKfm1/HHkQ=="],

    "tiny-invariant": ["tiny-invariant@1.3.3", "", {}, ""],

    "tinybench": ["tinybench@6.1.4", "", {}, "sha512-9APumHG7r4yOk4X4WlkmE71aZcv1gvin1czO3OQ1U9iJcFA5Ja/ygyb0vPOVHTthFozUYs8CLoLUlM8grb2lTQ=="],

    "tinyexec": ["tinyexec@1.3.0", "", {}, "sha512-QKAl9m8gWWGHV8jZcPeym6j+XULi6tOf1mT83WYJ4Lk2ytW/uwAWkrP0uFsdoYMdueVJ0qs26wZ+23xeB4ibNQ=="],

    "tinyglobby": ["tinyglobby@0.2.17", "", { "dependencies": { "fdir": "^6.5.0", "picomatch": "^4.0.4" } }, ""],

    "tslib": ["tslib@2.8.1", "", {}, "sha512-oJFu94HQb+KVduSUQL7wnpmqnfmLsOA/nAh6b6EH0wCEoK0/mPeXU6c3wKDV83MkOuHPRHtSXKKU99IBazS/2w=="],

    "typescript": ["typescript@5.7.3", "", { "bin": { "tsc": "bin/tsc", "tsserver": "bin/tsserver" } }, ""],

    "undici-types": ["undici-types@6.21.0", "", {}, ""],

    "update-browserslist-db": ["update-browserslist-db@1.3.2", "", { "dependencies": { "escalade": "^3.2.0", "picocolors": "^1.1.1" }, "peerDependencies": { "browserslist": ">= 4.21.0" }, "bin": "cli.js" }, ""],

    "victory-vendor": ["victory-vendor@36.9.2", "", { "dependencies": { "@types/d3-array": "^3.0.3", "@types/d3-ease": "^3.0.0", "@types/d3-interpolate": "^3.0.1", "@types/d3-scale": "^4.0.2", "@types/d3-shape": "^3.1.0", "@types/d3-time": "^3.0.0", "@types/d3-timer": "^3.0.0", "d3-array": "^3.1.6", "d3-ease": "^3.0.1", "d3-interpolate": "^3.0.1", "d3-scale": "^4.0.2", "d3-shape": "^3.1.0", "d3-time": "^3.0.0", "d3-timer": "^3.0.1" } }, ""],

    "vite": ["vite@6.4.3", "", { "dependencies": { "esbuild": "^0.25.0", "fdir": "^6.4.4", "picomatch": "^4.0.2", "postcss": "^8.5.3", "rollup": "^4.34.9", "tinyglobby": "^0.2.13" }, "optionalDependencies": { "fsevents": "~2.3.3" }, "peerDependencies": { "@types/node": "^18.0.0 || ^20.0.0 || >=22.0.0", "jiti": ">=1.21.0", "less": "*", "lightningcss": "^1.21.0", "sass": "*", "sass-embedded": "*", "stylus": "*", "sugarss": "*", "terser": "^5.16.0", "tsx": "^4.8.1", "yaml": "^2.4.2" }, "optionalPeers": ["@types/node", "jiti", "less", "lightningcss", "sass", "sass-embedded", "stylus", "sugarss", "terser", "tsx", "yaml"], "bin": "bin/vite.js" }, ""],

    "vitest": ["vitest@5.0.0", "", { "dependencies": { "@types/chai": "^5.2.2", "@vitest/mocker": "5.0.0", "chai": "^6.2.2", "es-module-lexer": "^2.3.2", "expect-type": "^1.4.0", "magic-string": "^1.2.3", "obug": "^2.1.4", "picomatch": "^4.0.7", "std-env": "^4.2.0", "tinybench": "6.1.4", "tinyexec": "1.3.0", "tinyglobby": "^0.2.17", "why-is-node-running": "^2.3.0" }, "peerDependencies": { "@edge-runtime/vm": "*", "@opentelemetry/api": "^1.9.0", "@types/node": "^22.0.0 || >=24.0.0", "@vitest/browser-playwright": "5.0.0", "@vitest/browser-preview": "5.0.0", "@vitest/browser-webdriverio": "^5.0.0-beta.5 || >=5.0.0", "@vitest/coverage-istanbul": "5.0.0", "@vitest/coverage-v8": "5.0.0", "@vitest/ui": "5.0.0", "happy-dom": "*", "jsdom": "*", "vite": "^6.4.0 || ^7.0.0 || ^8.0.0" }, "optionalPeers": ["@edge-runtime/vm", "@opentelemetry/api", "@types/node", "@vitest/browser-playwright", "@vitest/browser-preview", "@vitest/browser-webdriverio", "@vitest/coverage-istanbul", "@vitest/coverage-v8", "@vitest/ui", "happy-dom", "jsdom"], "bin": { "vitest": "./vitest.mjs" } }, "sha512-gpsMNoRhMjMktVxPtstOH4/PJuPyovVaMDr4oDilXaGH1EcqM2OE96SoHT2VIQ6fTGtTjqmHDrEu2X9RQiXf8Q=="],

    "why-is-node-running": ["why-is-node-running@2.3.0", "", { "dependencies": { "siginfo": "^2.0.0", "stackback": "0.0.2" }, "bin": { "why-is-node-running": "cli.js" } }, "sha512-hUrmaWBdVDcxvYqnyh09zunKzROWjbZTiNy8dBEjkS7ehEDQibXJ7XvlmtbwuTclUiIyN+CyXQD4Vmko8fNm8w=="],

    "yallist": ["yallist@3.1.1", "", {}, ""],

    "@tailwindcss/node/magic-string": ["magic-string@0.30.21", "", { "dependencies": { "@jridgewell/sourcemap-codec": "^1.5.5" } }, ""],

    "prop-types/react-is": ["react-is@16.13.1", "", {}, ""],
  }
}
